
Microsoft Visual Studio Solution File, Format Version 12.00
# Visual Studio Version 17
VisualStudioVersion = 17.10.35013.160
MinimumVisualStudioVersion = 10.0.40219.1
Project("{9A19103F-16F7-4668-BE54-9A1E7A4F7556}") = "wpf", "wpf\wpf.csproj", "{B579E343-4188-42BA-B05A-30673F80B097}"
EndProject
Project("{FAE04EC0-301F-11D3-BF4B-00C04F79EFBC}") = "wpf.controls", "wpf.controls\wpf.controls.csproj", "{69CCA9F0-A540-4066-8A73-616AA932C841}"
EndProject
Global
	GlobalSection(SolutionConfigurationPlatforms) = preSolution
		Debug|Any CPU = Debug|Any CPU
		Release|Any CPU = Release|Any CPU
	EndGlobalSection
	GlobalSection(ProjectConfigurationPlatforms) = postSolution
		{B579E343-4188-42BA-B05A-30673F80B097}.Debug|Any CPU.ActiveCfg = Debug|Any CPU
		{B579E343-4188-42BA-B05A-30673F80B097}.Debug|Any CPU.Build.0 = Debug|Any CPU
		{B579E343-4188-42BA-B05A-30673F80B097}.Release|Any CPU.ActiveCfg = Release|Any CPU
		{B579E343-4188-42BA-B05A-30673F80B097}.Release|Any CPU.Build.0 = Release|Any CPU
		{69CCA9F0-A540-4066-8A73-616AA932C841}.Debug|Any CPU.ActiveCfg = Debug|Any CPU
		{69CCA9F0-A540-4066-8A73-616AA932C841}.Debug|Any CPU.Build.0 = Debug|Any CPU
		{69CCA9F0-A540-4066-8A73-616AA932C841}.Release|Any CPU.ActiveCfg = Release|Any CPU
		{69CCA9F0-A540-4066-8A73-616AA932C841}.Release|Any CPU.Build.0 = Release|Any CPU
	EndGlobalSection
	GlobalSection(SolutionProperties) = preSolution
		HideSolutionNode = FALSE
	EndGlobalSection
	GlobalSection(ExtensibilityGlobals) = postSolution
		SolutionGuid = {A3DEE76D-3454-424B-BE64-EB364CFD7503}
	EndGlobalSection
EndGlobal
